
Microsoft Visual Studio Solution File, Format Version 12.00
# Visual Studio Version 17
VisualStudioVersion = 17.10.35013.160
MinimumVisualStudioVersion = 10.0.40219.1
Project("{FAE04EC0-301F-11D3-BF4B-00C04F79EFBC}") = "EmployeeInformation", "EmployeeInformation\EmployeeInformation.csproj", "{DE577B86-B15A-415A-A871-6E6698E0A405}"
EndProject
Global
	GlobalSection(SolutionConfigurationPlatforms) = preSolution
		Debug|Any CPU = Debug|Any CPU
		Release|Any CPU = Release|Any CPU
	EndGlobalSection
	GlobalSection(ProjectConfigurationPlatforms) = postSolution
		{DE577B86-B15A-415A-A871-6E6698E0A405}.Debug|Any CPU.ActiveCfg = Debug|Any CPU
		{DE577B86-B15A-415A-A871-6E6698E0A405}.Debug|Any CPU.Build.0 = Debug|Any CPU
		{DE577B86-B15A-415A-A871-6E6698E0A405}.Release|Any CPU.ActiveCfg = Release|Any CPU
		{DE577B86-B15A-415A-A871-6E6698E0A405}.Release|Any CPU.Build.0 = Release|Any CPU
	EndGlobalSection
	GlobalSection(SolutionProperties) = preSolution
		HideSolutionNode = FALSE
	EndGlobalSection
	GlobalSection(ExtensibilityGlobals) = postSolution
		SolutionGuid = {6C1BF9A4-169E-493B-84A0-5620DCF43799}
	EndGlobalSection
EndGlobal
